
Microsoft Visual Studio Solution File, Format Version 12.00
# Visual Studio Version 17
VisualStudioVersion = 17.1.32210.238
MinimumVisualStudioVersion = 10.0.40219.1
Project("{FAE04EC0-301F-11D3-BF4B-00C04F79EFBC}") = "Task1", "HomeWork7\Task1.csproj", "{9B94D69D-68DF-4D55-AEF6-4A0F895F2915}"
EndProject
Project("{FAE04EC0-301F-11D3-BF4B-00C04F79EFBC}") = "Task2", "Task2\Task2.csproj", "{0E7FBFF4-8034-43D5-B32D-E6689332C552}"
EndProject
Global
	GlobalSection(SolutionConfigurationPlatforms) = preSolution
		Debug|Any CPU = Debug|Any CPU
		Release|Any CPU = Release|Any CPU
	EndGlobalSection
	GlobalSection(ProjectConfigurationPlatforms) = postSolution
		{9B94D69D-68DF-4D55-AEF6-4A0F895F2915}.Debug|Any CPU.ActiveCfg = Debug|Any CPU
		{9B94D69D-68DF-4D55-AEF6-4A0F895F2915}.Debug|Any CPU.Build.0 = Debug|Any CPU
		{9B94D69D-68DF-4D55-AEF6-4A0F895F2915}.Release|Any CPU.ActiveCfg = Release|Any CPU
		{9B94D69D-68DF-4D55-AEF6-4A0F895F2915}.Release|Any CPU.Build.0 = Release|Any CPU
		{0E7FBFF4-8034-43D5-B32D-E6689332C552}.Debug|Any CPU.ActiveCfg = Debug|Any CPU
		{0E7FBFF4-8034-43D5-B32D-E6689332C552}.Debug|Any CPU.Build.0 = Debug|Any CPU
		{0E7FBFF4-8034-43D5-B32D-E6689332C552}.Release|Any CPU.ActiveCfg = Release|Any CPU
		{0E7FBFF4-8034-43D5-B32D-E6689332C552}.Release|Any CPU.Build.0 = Release|Any CPU
	EndGlobalSection
	GlobalSection(SolutionProperties) = preSolution
		HideSolutionNode = FALSE
	EndGlobalSection
	GlobalSection(ExtensibilityGlobals) = postSolution
		SolutionGuid = {0E4E9656-1E86-44C1-AF81-B374AC3B1989}
	EndGlobalSection
EndGlobal
